// !$*UTF8*$!
{
	archiveVersion = 1;
	classes = {
	};
	objectVersion = 50;
	objects = {

/* Begin PBXBuildFile section */
		5269B99C5E6DD7FDFF5C01EF /* Pods_SoundSpaceMusicTests.framework in Frameworks */ = {isa = PBXBuildFile; fileRef = 4B975F1356D8F9CF361E0392 /* Pods_SoundSpaceMusicTests.framework */; };
		72F2BC0E87212652F4BEABFB /* Pods_SoundSpaceMusic_SoundSpaceMusicUITests.framework in Frameworks */ = {isa = PBXBuildFile; fileRef = 28449A0BC489A487D77D0421 /* Pods_SoundSpaceMusic_SoundSpaceMusicUITests.framework */; };
		CB77440424157D5F003EC7D9 /* AppDelegate.swift in Sources */ = {isa = PBXBuildFile; fileRef = CB77440324157D5F003EC7D9 /* AppDelegate.swift */; };
		CB77440624157D5F003EC7D9 /* SceneDelegate.swift in Sources */ = {isa = PBXBuildFile; fileRef = CB77440524157D5F003EC7D9 /* SceneDelegate.swift */; };
		CB77440924157D5F003EC7D9 /* SoundSpaceMusic.xcdatamodeld in Sources */ = {isa = PBXBuildFile; fileRef = CB77440724157D5F003EC7D9 /* SoundSpaceMusic.xcdatamodeld */; };
		CB77440B24157D5F003EC7D9 /* ContentView.swift in Sources */ = {isa = PBXBuildFile; fileRef = CB77440A24157D5F003EC7D9 /* ContentView.swift */; };
		CB77440D24157D5F003EC7D9 /* Assets.xcassets in Resources */ = {isa = PBXBuildFile; fileRef = CB77440C24157D5F003EC7D9 /* Assets.xcassets */; };
		CB77441024157D5F003EC7D9 /* Preview Assets.xcassets in Resources */ = {isa = PBXBuildFile; fileRef = CB77440F24157D5F003EC7D9 /* Preview Assets.xcassets */; };
		CB77441324157D5F003EC7D9 /* LaunchScreen.storyboard in Resources */ = {isa = PBXBuildFile; fileRef = CB77441124157D5F003EC7D9 /* LaunchScreen.storyboard */; };
		CB77441E24157D5F003EC7D9 /* SoundSpaceMusicTests.swift in Sources */ = {isa = PBXBuildFile; fileRef = CB77441D24157D5F003EC7D9 /* SoundSpaceMusicTests.swift */; };
		CB77442924157D5F003EC7D9 /* SoundSpaceMusicUITests.swift in Sources */ = {isa = PBXBuildFile; fileRef = CB77442824157D5F003EC7D9 /* SoundSpaceMusicUITests.swift */; };
		CB77443824157D9B003EC7D9 /* MusicPlayerView.swift in Sources */ = {isa = PBXBuildFile; fileRef = CB77443724157D9B003EC7D9 /* MusicPlayerView.swift */; };
		CB77443B24157DBA003EC7D9 /* UIUtilities.swift in Sources */ = {isa = PBXBuildFile; fileRef = CB77443A24157DBA003EC7D9 /* UIUtilities.swift */; };
		CB77443D24157DD2003EC7D9 /* UIConstraints.swift in Sources */ = {isa = PBXBuildFile; fileRef = CB77443C24157DD2003EC7D9 /* UIConstraints.swift */; };
		CB77443F24157E10003EC7D9 /* MusicPlayerHelper.swift in Sources */ = {isa = PBXBuildFile; fileRef = CB77443E24157E10003EC7D9 /* MusicPlayerHelper.swift */; };
		DA3048D68C5B8B3C00600D57 /* Pods_SoundSpaceMusic.framework in Frameworks */ = {isa = PBXBuildFile; fileRef = C0FFAE859360C7CB52E7BD47 /* Pods_SoundSpaceMusic.framework */; };
/* End PBXBuildFile section */

/* Begin PBXContainerItemProxy section */
		CB77441A24157D5F003EC7D9 /* PBXContainerItemProxy */ = {
			isa = PBXContainerItemProxy;
			containerPortal = CB7743F824157D5F003EC7D9 /* Project object */;
			proxyType = 1;
			remoteGlobalIDString = CB7743FF24157D5F003EC7D9;
			remoteInfo = SoundSpaceMusic;
		};
		CB77442524157D5F003EC7D9 /* PBXContainerItemProxy */ = {
			isa = PBXContainerItemProxy;
			containerPortal = CB7743F824157D5F003EC7D9 /* Project object */;
			proxyType = 1;
			remoteGlobalIDString = CB7743FF24157D5F003EC7D9;
			remoteInfo = SoundSpaceMusic;
		};
/* End PBXContainerItemProxy section */

/* Begin PBXFileReference section */
		2112F437D930C75083D43302 /* Pods-SoundSpaceMusic-SoundSpaceMusicUITests.release.xcconfig */ = {isa = PBXFileReference; includeInIndex = 1; lastKnownFileType = text.xcconfig; name = "Pods-SoundSpaceMusic-SoundSpaceMusicUITests.release.xcconfig"; path = "Target Support Files/Pods-SoundSpaceMusic-SoundSpaceMusicUITests/Pods-SoundSpaceMusic-SoundSpaceMusicUITests.release.xcconfig"; sourceTree = "<group>"; };
		28449A0BC489A487D77D0421 /* Pods_SoundSpaceMusic_SoundSpaceMusicUITests.framework */ = {isa = PBXFileReference; explicitFileType = wrapper.framework; includeInIndex = 0; path = Pods_SoundSpaceMusic_SoundSpaceMusicUITests.framework; sourceTree = BUILT_PRODUCTS_DIR; };
		3A55AE5273DF682B9DA40FE8 /* Pods-SoundSpaceMusic-SoundSpaceMusicUITests.debug.xcconfig */ = {isa = PBXFileReference; includeInIndex = 1; lastKnownFileType = text.xcconfig; name = "Pods-SoundSpaceMusic-SoundSpaceMusicUITests.debug.xcconfig"; path = "Target Support Files/Pods-SoundSpaceMusic-SoundSpaceMusicUITests/Pods-SoundSpaceMusic-SoundSpaceMusicUITests.debug.xcconfig"; sourceTree = "<group>"; };
		3C1F15C31849640AA3C7D4A0 /* Pods-SoundSpaceMusicTests.debug.xcconfig */ = {isa = PBXFileReference; includeInIndex = 1; lastKnownFileType = text.xcconfig; name = "Pods-SoundSpaceMusicTests.debug.xcconfig"; path = "Target Support Files/Pods-SoundSpaceMusicTests/Pods-SoundSpaceMusicTests.debug.xcconfig"; sourceTree = "<group>"; };
		3EA2F599832A38B26BB6D957 /* Pods-SoundSpaceMusic.debug.xcconfig */ = {isa = PBXFileReference; includeInIndex = 1; lastKnownFileType = text.xcconfig; name = "Pods-SoundSpaceMusic.debug.xcconfig"; path = "Target Support Files/Pods-SoundSpaceMusic/Pods-SoundSpaceMusic.debug.xcconfig"; sourceTree = "<group>"; };
		4B975F1356D8F9CF361E0392 /* Pods_SoundSpaceMusicTests.framework */ = {isa = PBXFileReference; explicitFileType = wrapper.framework; includeInIndex = 0; path = Pods_SoundSpaceMusicTests.framework; sourceTree = BUILT_PRODUCTS_DIR; };
		A1A622EC9D7F3AB225C10B70 /* Pods-SoundSpaceMusic.release.xcconfig */ = {isa = PBXFileReference; includeInIndex = 1; lastKnownFileType = text.xcconfig; name = "Pods-SoundSpaceMusic.release.xcconfig"; path = "Target Support Files/Pods-SoundSpaceMusic/Pods-SoundSpaceMusic.release.xcconfig"; sourceTree = "<group>"; };
		C0FFAE859360C7CB52E7BD47 /* Pods_SoundSpaceMusic.framework */ = {isa = PBXFileReference; explicitFileType = wrapper.framework; includeInIndex = 0; path = Pods_SoundSpaceMusic.framework; sourceTree = BUILT_PRODUCTS_DIR; };
		CB77440024157D5F003EC7D9 /* SoundSpaceMusic.app */ = {isa = PBXFileReference; explicitFileType = wrapper.application; includeInIndex = 0; path = SoundSpaceMusic.app; sourceTree = BUILT_PRODUCTS_DIR; };
		CB77440324157D5F003EC7D9 /* AppDelegate.swift */ = {isa = PBXFileReference; lastKnownFileType = sourcecode.swift; path = AppDelegate.swift; sourceTree = "<group>"; };
		CB77440524157D5F003EC7D9 /* SceneDelegate.swift */ = {isa = PBXFileReference; lastKnownFileType = sourcecode.swift; path = SceneDelegate.swift; sourceTree = "<group>"; };
		CB77440824157D5F003EC7D9 /* SoundSpaceMusic.xcdatamodel */ = {isa = PBXFileReference; lastKnownFileType = wrapper.xcdatamodel; path = SoundSpaceMusic.xcdatamodel; sourceTree = "<group>"; };
		CB77440A24157D5F003EC7D9 /* ContentView.swift */ = {isa = PBXFileReference; lastKnownFileType = sourcecode.swift; path = ContentView.swift; sourceTree = "<group>"; };
		CB77440C24157D5F003EC7D9 /* Assets.xcassets */ = {isa = PBXFileReference; lastKnownFileType = folder.assetcatalog; path = Assets.xcassets; sourceTree = "<group>"; };
		CB77440F24157D5F003EC7D9 /* Preview Assets.xcassets */ = {isa = PBXFileReference; lastKnownFileType = folder.assetcatalog; path = "Preview Assets.xcassets"; sourceTree = "<group>"; };
		CB77441224157D5F003EC7D9 /* Base */ = {isa = PBXFileReference; lastKnownFileType = file.storyboard; name = Base; path = Base.lproj/LaunchScreen.storyboard; sourceTree = "<group>"; };
		CB77441424157D5F003EC7D9 /* Info.plist */ = {isa = PBXFileReference; lastKnownFileType = text.plist.xml; path = Info.plist; sourceTree = "<group>"; };
		CB77441924157D5F003EC7D9 /* SoundSpaceMusicTests.xctest */ = {isa = PBXFileReference; explicitFileType = wrapper.cfbundle; includeInIndex = 0; path = SoundSpaceMusicTests.xctest; sourceTree = BUILT_PRODUCTS_DIR; };
		CB77441D24157D5F003EC7D9 /* SoundSpaceMusicTests.swift */ = {isa = PBXFileReference; lastKnownFileType = sourcecode.swift; path = SoundSpaceMusicTests.swift; sourceTree = "<group>"; };
		CB77441F24157D5F003EC7D9 /* Info.plist */ = {isa = PBXFileReference; lastKnownFileType = text.plist.xml; path = Info.plist; sourceTree = "<group>"; };
		CB77442424157D5F003EC7D9 /* SoundSpaceMusicUITests.xctest */ = {isa = PBXFileReference; explicitFileType = wrapper.cfbundle; includeInIndex = 0; path = SoundSpaceMusicUITests.xctest; sourceTree = BUILT_PRODUCTS_DIR; };
		CB77442824157D5F003EC7D9 /* SoundSpaceMusicUITests.swift */ = {isa = PBXFileReference; lastKnownFileType = sourcecode.swift; path = SoundSpaceMusicUITests.swift; sourceTree = "<group>"; };
		CB77442A24157D5F003EC7D9 /* Info.plist */ = {isa = PBXFileReference; lastKnownFileType = text.plist.xml; path = Info.plist; sourceTree = "<group>"; };
		CB77443724157D9B003EC7D9 /* MusicPlayerView.swift */ = {isa = PBXFileReference; lastKnownFileType = sourcecode.swift; path = MusicPlayerView.swift; sourceTree = "<group>"; };
		CB77443A24157DBA003EC7D9 /* UIUtilities.swift */ = {isa = PBXFileReference; lastKnownFileType = sourcecode.swift; path = UIUtilities.swift; sourceTree = "<group>"; };
		CB77443C24157DD2003EC7D9 /* UIConstraints.swift */ = {isa = PBXFileReference; lastKnownFileType = sourcecode.swift; path = UIConstraints.swift; sourceTree = "<group>"; };
		CB77443E24157E10003EC7D9 /* MusicPlayerHelper.swift */ = {isa = PBXFileReference; lastKnownFileType = sourcecode.swift; path = MusicPlayerHelper.swift; sourceTree = "<group>"; };
		F734D0FEB58F33C009D94A45 /* Pods-SoundSpaceMusicTests.release.xcconfig */ = {isa = PBXFileReference; includeInIndex = 1; lastKnownFileType = text.xcconfig; name = "Pods-SoundSpaceMusicTests.release.xcconfig"; path = "Target Support Files/Pods-SoundSpaceMusicTests/Pods-SoundSpaceMusicTests.release.xcconfig"; sourceTree = "<group>"; };
/* End PBXFileReference section */

/* Begin PBXFrameworksBuildPhase section */
		CB7743FD24157D5F003EC7D9 /* Frameworks */ = {
			isa = PBXFrameworksBuildPhase;
			buildActionMask = 2147483647;
			files = (
				DA3048D68C5B8B3C00600D57 /* Pods_SoundSpaceMusic.framework in Frameworks */,
			);
			runOnlyForDeploymentPostprocessing = 0;
		};
		CB77441624157D5F003EC7D9 /* Frameworks */ = {
			isa = PBXFrameworksBuildPhase;
			buildActionMask = 2147483647;
			files = (
				5269B99C5E6DD7FDFF5C01EF /* Pods_SoundSpaceMusicTests.framework in Frameworks */,
			);
			runOnlyForDeploymentPostprocessing = 0;
		};
		CB77442124157D5F003EC7D9 /* Frameworks */ = {
			isa = PBXFrameworksBuildPhase;
			buildActionMask = 2147483647;
			files = (
				72F2BC0E87212652F4BEABFB /* Pods_SoundSpaceMusic_SoundSpaceMusicUITests.framework in Frameworks */,
			);
			runOnlyForDeploymentPostprocessing = 0;
		};
/* End PBXFrameworksBuildPhase section */

/* Begin PBXGroup section */
		86A3432C8FD91C850E42FD30 /* Frameworks */ = {
			isa = PBXGroup;
			children = (
				C0FFAE859360C7CB52E7BD47 /* Pods_SoundSpaceMusic.framework */,
				28449A0BC489A487D77D0421 /* Pods_SoundSpaceMusic_SoundSpaceMusicUITests.framework */,
				4B975F1356D8F9CF361E0392 /* Pods_SoundSpaceMusicTests.framework */,
			);
			name = Frameworks;
			sourceTree = "<group>";
		};
		CB7743F724157D5F003EC7D9 = {
			isa = PBXGroup;
			children = (
				CB77440224157D5F003EC7D9 /* SoundSpaceMusic */,
				CB77441C24157D5F003EC7D9 /* SoundSpaceMusicTests */,
				CB77442724157D5F003EC7D9 /* SoundSpaceMusicUITests */,
				CB77440124157D5F003EC7D9 /* Products */,
				DFB348510F29B4C632E04E6D /* Pods */,
				86A3432C8FD91C850E42FD30 /* Frameworks */,
			);
			sourceTree = "<group>";
		};
		CB77440124157D5F003EC7D9 /* Products */ = {
			isa = PBXGroup;
			children = (
				CB77440024157D5F003EC7D9 /* SoundSpaceMusic.app */,
				CB77441924157D5F003EC7D9 /* SoundSpaceMusicTests.xctest */,
				CB77442424157D5F003EC7D9 /* SoundSpaceMusicUITests.xctest */,
			);
			name = Products;
			sourceTree = "<group>";
		};
		CB77440224157D5F003EC7D9 /* SoundSpaceMusic */ = {
			isa = PBXGroup;
			children = (
				CB77443924157DA7003EC7D9 /* UIUtilities */,
				CB77443624157D74003EC7D9 /* MusicHelpers */,
				CB77440324157D5F003EC7D9 /* AppDelegate.swift */,
				CB77440524157D5F003EC7D9 /* SceneDelegate.swift */,
				CB77440A24157D5F003EC7D9 /* ContentView.swift */,
				CB77440C24157D5F003EC7D9 /* Assets.xcassets */,
				CB77441124157D5F003EC7D9 /* LaunchScreen.storyboard */,
				CB77441424157D5F003EC7D9 /* Info.plist */,
				CB77440724157D5F003EC7D9 /* SoundSpaceMusic.xcdatamodeld */,
				CB77440E24157D5F003EC7D9 /* Preview Content */,
			);
			path = SoundSpaceMusic;
			sourceTree = "<group>";
		};
		CB77440E24157D5F003EC7D9 /* Preview Content */ = {
			isa = PBXGroup;
			children = (
				CB77440F24157D5F003EC7D9 /* Preview Assets.xcassets */,
			);
			path = "Preview Content";
			sourceTree = "<group>";
		};
		CB77441C24157D5F003EC7D9 /* SoundSpaceMusicTests */ = {
			isa = PBXGroup;
			children = (
				CB77441D24157D5F003EC7D9 /* SoundSpaceMusicTests.swift */,
				CB77441F24157D5F003EC7D9 /* Info.plist */,
			);
			path = SoundSpaceMusicTests;
			sourceTree = "<group>";
		};
		CB77442724157D5F003EC7D9 /* SoundSpaceMusicUITests */ = {
			isa = PBXGroup;
			children = (
				CB77442824157D5F003EC7D9 /* SoundSpaceMusicUITests.swift */,
				CB77442A24157D5F003EC7D9 /* Info.plist */,
			);
			path = SoundSpaceMusicUITests;
			sourceTree = "<group>";
		};
		CB77443624157D74003EC7D9 /* MusicHelpers */ = {
			isa = PBXGroup;
			children = (
				CB77443724157D9B003EC7D9 /* MusicPlayerView.swift */,
				CB77443E24157E10003EC7D9 /* MusicPlayerHelper.swift */,
			);
			path = MusicHelpers;
			sourceTree = "<group>";
		};
		CB77443924157DA7003EC7D9 /* UIUtilities */ = {
			isa = PBXGroup;
			children = (
				CB77443A24157DBA003EC7D9 /* UIUtilities.swift */,
				CB77443C24157DD2003EC7D9 /* UIConstraints.swift */,
			);
			path = UIUtilities;
			sourceTree = "<group>";
		};
		DFB348510F29B4C632E04E6D /* Pods */ = {
			isa = PBXGroup;
			children = (
				3EA2F599832A38B26BB6D957 /* Pods-SoundSpaceMusic.debug.xcconfig */,
				A1A622EC9D7F3AB225C10B70 /* Pods-SoundSpaceMusic.release.xcconfig */,
				3A55AE5273DF682B9DA40FE8 /* Pods-SoundSpaceMusic-SoundSpaceMusicUITests.debug.xcconfig */,
				2112F437D930C75083D43302 /* Pods-SoundSpaceMusic-SoundSpaceMusicUITests.release.xcconfig */,
				3C1F15C31849640AA3C7D4A0 /* Pods-SoundSpaceMusicTests.debug.xcconfig */,
				F734D0FEB58F33C009D94A45 /* Pods-SoundSpaceMusicTests.release.xcconfig */,
			);
			name = Pods;
			path = Pods;
			sourceTree = "<group>";
		};
/* End PBXGroup section */

/* Begin PBXNativeTarget section */
		CB7743FF24157D5F003EC7D9 /* SoundSpaceMusic */ = {
			isa = PBXNativeTarget;
			buildConfigurationList = CB77442D24157D5F003EC7D9 /* Build configuration list for PBXNativeTarget "SoundSpaceMusic" */;
			buildPhases = (
				5BD28CA801501E529E4B1E48 /* [CP] Check Pods Manifest.lock */,
				CB7743FC24157D5F003EC7D9 /* Sources */,
				CB7743FD24157D5F003EC7D9 /* Frameworks */,
				CB7743FE24157D5F003EC7D9 /* Resources */,
				6A4F96F3EA2F593B4EC864BA /* [CP] Embed Pods Frameworks */,
			);
			buildRules = (
			);
			dependencies = (
			);
			name = SoundSpaceMusic;
			productName = SoundSpaceMusic;
			productReference = CB77440024157D5F003EC7D9 /* SoundSpaceMusic.app */;
			productType = "com.apple.product-type.application";
		};
		CB77441824157D5F003EC7D9 /* SoundSpaceMusicTests */ = {
			isa = PBXNativeTarget;
			buildConfigurationList = CB77443024157D5F003EC7D9 /* Build configuration list for PBXNativeTarget "SoundSpaceMusicTests" */;
			buildPhases = (
				2405665662B3C63551CB7D60 /* [CP] Check Pods Manifest.lock */,
				CB77441524157D5F003EC7D9 /* Sources */,
				CB77441624157D5F003EC7D9 /* Frameworks */,
				CB77441724157D5F003EC7D9 /* Resources */,
			);
			buildRules = (
			);
			dependencies = (
				CB77441B24157D5F003EC7D9 /* PBXTargetDependency */,
			);
			name = SoundSpaceMusicTests;
			productName = SoundSpaceMusicTests;
			productReference = CB77441924157D5F003EC7D9 /* SoundSpaceMusicTests.xctest */;
			productType = "com.apple.product-type.bundle.unit-test";
		};
		CB77442324157D5F003EC7D9 /* SoundSpaceMusicUITests */ = {
			isa = PBXNativeTarget;
			buildConfigurationList = CB77443324157D5F003EC7D9 /* Build configuration list for PBXNativeTarget "SoundSpaceMusicUITests" */;
			buildPhases = (
				F655F8E24A551B1271ABF4E1 /* [CP] Check Pods Manifest.lock */,
				CB77442024157D5F003EC7D9 /* Sources */,
				CB77442124157D5F003EC7D9 /* Frameworks */,
				CB77442224157D5F003EC7D9 /* Resources */,
				1BC9A817D20FC12FA2BE4D5C /* [CP] Embed Pods Frameworks */,
			);
			buildRules = (
			);
			dependencies = (
				CB77442624157D5F003EC7D9 /* PBXTargetDependency */,
			);
			name = SoundSpaceMusicUITests;
			productName = SoundSpaceMusicUITests;
			productReference = CB77442424157D5F003EC7D9 /* SoundSpaceMusicUITests.xctest */;
			productType = "com.apple.product-type.bundle.ui-testing";
		};
/* End PBXNativeTarget section */

/* Begin PBXProject section */
		CB7743F824157D5F003EC7D9 /* Project object */ = {
			isa = PBXProject;
			attributes = {
				LastSwiftUpdateCheck = 1130;
				LastUpgradeCheck = 1130;
				ORGANIZATIONNAME = "Adam Jackson";
				TargetAttributes = {
					CB7743FF24157D5F003EC7D9 = {
						CreatedOnToolsVersion = 11.3.1;
					};
					CB77441824157D5F003EC7D9 = {
						CreatedOnToolsVersion = 11.3.1;
						TestTargetID = CB7743FF24157D5F003EC7D9;
					};
					CB77442324157D5F003EC7D9 = {
						CreatedOnToolsVersion = 11.3.1;
						TestTargetID = CB7743FF24157D5F003EC7D9;
					};
				};
			};
			buildConfigurationList = CB7743FB24157D5F003EC7D9 /* Build configuration list for PBXProject "SoundSpaceMusic" */;
			compatibilityVersion = "Xcode 9.3";
			developmentRegion = en;
			hasScannedForEncodings = 0;
			knownRegions = (
				en,
				Base,
			);
			mainGroup = CB7743F724157D5F003EC7D9;
			productRefGroup = CB77440124157D5F003EC7D9 /* Products */;
			projectDirPath = "";
			projectRoot = "";
			targets = (
				CB7743FF24157D5F003EC7D9 /* SoundSpaceMusic */,
				CB77441824157D5F003EC7D9 /* SoundSpaceMusicTests */,
				CB77442324157D5F003EC7D9 /* SoundSpaceMusicUITests */,
			);
		};
/* End PBXProject section */

/* Begin PBXResourcesBuildPhase section */
		CB7743FE24157D5F003EC7D9 /* Resources */ = {
			isa = PBXResourcesBuildPhase;
			buildActionMask = 2147483647;
			files = (
				CB77441324157D5F003EC7D9 /* LaunchScreen.storyboard in Resources */,
				CB77441024157D5F003EC7D9 /* Preview Assets.xcassets in Resources */,
				CB77440D24157D5F003EC7D9 /* Assets.xcassets in Resources */,
			);
			runOnlyForDeploymentPostprocessing = 0;
		};
		CB77441724157D5F003EC7D9 /* Resources */ = {
			isa = PBXResourcesBuildPhase;
			buildActionMask = 2147483647;
			files = (
			);
			runOnlyForDeploymentPostprocessing = 0;
		};
		CB77442224157D5F003EC7D9 /* Resources */ = {
			isa = PBXResourcesBuildPhase;
			buildActionMask = 2147483647;
			files = (
			);
			runOnlyForDeploymentPostprocessing = 0;
		};
/* End PBXResourcesBuildPhase section */

/* Begin PBXShellScriptBuildPhase section */
		1BC9A817D20FC12FA2BE4D5C /* [CP] Embed Pods Frameworks */ = {
			isa = PBXShellScriptBuildPhase;
			buildActionMask = 2147483647;
			files = (
			);
			inputFileListPaths = (
				"${PODS_ROOT}/Target Support Files/Pods-SoundSpaceMusic-SoundSpaceMusicUITests/Pods-SoundSpaceMusic-SoundSpaceMusicUITests-frameworks-${CONFIGURATION}-input-files.xcfilelist",
			);
			name = "[CP] Embed Pods Frameworks";
			outputFileListPaths = (
				"${PODS_ROOT}/Target Support Files/Pods-SoundSpaceMusic-SoundSpaceMusicUITests/Pods-SoundSpaceMusic-SoundSpaceMusicUITests-frameworks-${CONFIGURATION}-output-files.xcfilelist",
			);
			runOnlyForDeploymentPostprocessing = 0;
			shellPath = /bin/sh;
			shellScript = "\"${PODS_ROOT}/Target Support Files/Pods-SoundSpaceMusic-SoundSpaceMusicUITests/Pods-SoundSpaceMusic-SoundSpaceMusicUITests-frameworks.sh\"\n";
			showEnvVarsInLog = 0;
		};
		2405665662B3C63551CB7D60 /* [CP] Check Pods Manifest.lock */ = {
			isa = PBXShellScriptBuildPhase;
			buildActionMask = 2147483647;
			files = (
			);
			inputFileListPaths = (
			);
			inputPaths = (
				"${PODS_PODFILE_DIR_PATH}/Podfile.lock",
				"${PODS_ROOT}/Manifest.lock",
			);
			name = "[CP] Check Pods Manifest.lock";
			outputFileListPaths = (
			);
			outputPaths = (
				"$(DERIVED_FILE_DIR)/Pods-SoundSpaceMusicTests-checkManifestLockResult.txt",
			);
			runOnlyForDeploymentPostprocessing = 0;
			shellPath = /bin/sh;
			shellScript = "diff \"${PODS_PODFILE_DIR_PATH}/Podfile.lock\" \"${PODS_ROOT}/Manifest.lock\" > /dev/null\nif [ $? != 0 ] ; then\n    # print error to STDERR\n    echo \"error: The sandbox is not in sync with the Podfile.lock. Run 'pod install' or update your CocoaPods installation.\" >&2\n    exit 1\nfi\n# This output is used by Xcode 'outputs' to avoid re-running this script phase.\necho \"SUCCESS\" > \"${SCRIPT_OUTPUT_FILE_0}\"\n";
			showEnvVarsInLog = 0;
		};
		5BD28CA801501E529E4B1E48 /* [CP] Check Pods Manifest.lock */ = {
			isa = PBXShellScriptBuildPhase;
			buildActionMask = 2147483647;
			files = (
			);
			inputFileListPaths = (
			);
			inputPaths = (
				"${PODS_PODFILE_DIR_PATH}/Podfile.lock",
				"${PODS_ROOT}/Manifest.lock",
			);
			name = "[CP] Check Pods Manifest.lock";
			outputFileListPaths = (
			);
			outputPaths = (
				"$(DERIVED_FILE_DIR)/Pods-SoundSpaceMusic-checkManifestLockResult.txt",
			);
			runOnlyForDeploymentPostprocessing = 0;
			shellPath = /bin/sh;
			shellScript = "diff \"${PODS_PODFILE_DIR_PATH}/Podfile.lock\" \"${PODS_ROOT}/Manifest.lock\" > /dev/null\nif [ $? != 0 ] ; then\n    # print error to STDERR\n    echo \"error: The sandbox is not in sync with the Podfile.lock. Run 'pod install' or update your CocoaPods installation.\" >&2\n    exit 1\nfi\n# This output is used by Xcode 'outputs' to avoid re-running this script phase.\necho \"SUCCESS\" > \"${SCRIPT_OUTPUT_FILE_0}\"\n";
			showEnvVarsInLog = 0;
		};
		6A4F96F3EA2F593B4EC864BA /* [CP] Embed Pods Frameworks */ = {
			isa = PBXShellScriptBuildPhase;
			buildActionMask = 2147483647;
			files = (
			);
			inputFileListPaths = (
				"${PODS_ROOT}/Target Support Files/Pods-SoundSpaceMusic/Pods-SoundSpaceMusic-frameworks-${CONFIGURATION}-input-files.xcfilelist",
			);
			name = "[CP] Embed Pods Frameworks";
			outputFileListPaths = (
				"${PODS_ROOT}/Target Support Files/Pods-SoundSpaceMusic/Pods-SoundSpaceMusic-frameworks-${CONFIGURATION}-output-files.xcfilelist",
			);
			runOnlyForDeploymentPostprocessing = 0;
			shellPath = /bin/sh;
			shellScript = "\"${PODS_ROOT}/Target Support Files/Pods-SoundSpaceMusic/Pods-SoundSpaceMusic-frameworks.sh\"\n";
			showEnvVarsInLog = 0;
		};
		F655F8E24A551B1271ABF4E1 /* [CP] Check Pods Manifest.lock */ = {
			isa = PBXShellScriptBuildPhase;
			buildActionMask = 2147483647;
			files = (
			);
			inputFileListPaths = (
			);
			inputPaths = (
				"${PODS_PODFILE_DIR_PATH}/Podfile.lock",
				"${PODS_ROOT}/Manifest.lock",
			);
			name = "[CP] Check Pods Manifest.lock";
			outputFileListPaths = (
			);
			outputPaths = (
				"$(DERIVED_FILE_DIR)/Pods-SoundSpaceMusic-SoundSpaceMusicUITests-checkManifestLockResult.txt",
			);
			runOnlyForDeploymentPostprocessing = 0;
			shellPath = /bin/sh;
			shellScript = "diff \"${PODS_PODFILE_DIR_PATH}/Podfile.lock\" \"${PODS_ROOT}/Manifest.lock\" > /dev/null\nif [ $? != 0 ] ; then\n    # print error to STDERR\n    echo \"error: The sandbox is not in sync with the Podfile.lock. Run 'pod install' or update your CocoaPods installation.\" >&2\n    exit 1\nfi\n# This output is used by Xcode 'outputs' to avoid re-running this script phase.\necho \"SUCCESS\" > \"${SCRIPT_OUTPUT_FILE_0}\"\n";
			showEnvVarsInLog = 0;
		};
/* End PBXShellScriptBuildPhase section */

/* Begin PBXSourcesBuildPhase section */
		CB7743FC24157D5F003EC7D9 /* Sources */ = {
			isa = PBXSourcesBuildPhase;
			buildActionMask = 2147483647;
			files = (
				CB77443F24157E10003EC7D9 /* MusicPlayerHelper.swift in Sources */,
				CB77443824157D9B003EC7D9 /* MusicPlayerView.swift in Sources */,
				CB77440424157D5F003EC7D9 /* AppDelegate.swift in Sources */,
				CB77443D24157DD2003EC7D9 /* UIConstraints.swift in Sources */,
				CB77440624157D5F003EC7D9 /* SceneDelegate.swift in Sources */,
				CB77440B24157D5F003EC7D9 /* ContentView.swift in Sources */,
				CB77443B24157DBA003EC7D9 /* UIUtilities.swift in Sources */,
				CB77440924157D5F003EC7D9 /* SoundSpaceMusic.xcdatamodeld in Sources */,
			);
			runOnlyForDeploymentPostprocessing = 0;
		};
		CB77441524157D5F003EC7D9 /* Sources */ = {
			isa = PBXSourcesBuildPhase;
			buildActionMask = 2147483647;
			files = (
				CB77441E24157D5F003EC7D9 /* SoundSpaceMusicTests.swift in Sources */,
			);
			runOnlyForDeploymentPostprocessing = 0;
		};
		CB77442024157D5F003EC7D9 /* Sources */ = {
			isa = PBXSourcesBuildPhase;
			buildActionMask = 2147483647;
			files = (
				CB77442924157D5F003EC7D9 /* SoundSpaceMusicUITests.swift in Sources */,
			);
			runOnlyForDeploymentPostprocessing = 0;
		};
/* End PBXSourcesBuildPhase section */

/* Begin PBXTargetDependency section */
		CB77441B24157D5F003EC7D9 /* PBXTargetDependency */ = {
			isa = PBXTargetDependency;
			target = CB7743FF24157D5F003EC7D9 /* SoundSpaceMusic */;
			targetProxy = CB77441A24157D5F003EC7D9 /* PBXContainerItemProxy */;
		};
		CB77442624157D5F003EC7D9 /* PBXTargetDependency */ = {
			isa = PBXTargetDependency;
			target = CB7743FF24157D5F003EC7D9 /* SoundSpaceMusic */;
			targetProxy = CB77442524157D5F003EC7D9 /* PBXContainerItemProxy */;
		};
/* End PBXTargetDependency section */

/* Begin PBXVariantGroup section */
		CB77441124157D5F003EC7D9 /* LaunchScreen.storyboard */ = {
			isa = PBXVariantGroup;
			children = (
				CB77441224157D5F003EC7D9 /* Base */,
			);
			name = LaunchScreen.storyboard;
			sourceTree = "<group>";
		};
/* End PBXVariantGroup section */

/* Begin XCBuildConfiguration section */
		CB77442B24157D5F003EC7D9 /* Debug */ = {
			isa = XCBuildConfiguration;
			buildSettings = {
				ALWAYS_SEARCH_USER_PATHS = NO;
				CLANG_ANALYZER_NONNULL = YES;
				CLANG_ANALYZER_NUMBER_OBJECT_CONVERSION = YES_AGGRESSIVE;
				CLANG_CXX_LANGUAGE_STANDARD = "gnu++14";
				CLANG_CXX_LIBRARY = "libc++";
				CLANG_ENABLE_MODULES = YES;
				CLANG_ENABLE_OBJC_ARC = YES;
				CLANG_ENABLE_OBJC_WEAK = YES;
				CLANG_WARN_BLOCK_CAPTURE_AUTORELEASING = YES;
				CLANG_WARN_BOOL_CONVERSION = YES;
				CLANG_WARN_COMMA = YES;
				CLANG_WARN_CONSTANT_CONVERSION = YES;
				CLANG_WARN_DEPRECATED_OBJC_IMPLEMENTATIONS = YES;
				CLANG_WARN_DIRECT_OBJC_ISA_USAGE = YES_ERROR;
				CLANG_WARN_DOCUMENTATION_COMMENTS = YES;
				CLANG_WARN_EMPTY_BODY = YES;
				CLANG_WARN_ENUM_CONVERSION = YES;
				CLANG_WARN_INFINITE_RECURSION = YES;
				CLANG_WARN_INT_CONVERSION = YES;
				CLANG_WARN_NON_LITERAL_NULL_CONVERSION = YES;
				CLANG_WARN_OBJC_IMPLICIT_RETAIN_SELF = YES;
				CLANG_WARN_OBJC_LITERAL_CONVERSION = YES;
				CLANG_WARN_OBJC_ROOT_CLASS = YES_ERROR;
				CLANG_WARN_RANGE_LOOP_ANALYSIS = YES;
				CLANG_WARN_STRICT_PROTOTYPES = YES;
				CLANG_WARN_SUSPICIOUS_MOVE = YES;
				CLANG_WARN_UNGUARDED_AVAILABILITY = YES_AGGRESSIVE;
				CLANG_WARN_UNREACHABLE_CODE = YES;
				CLANG_WARN__DUPLICATE_METHOD_MATCH = YES;
				COPY_PHASE_STRIP = NO;
				DEBUG_INFORMATION_FORMAT = dwarf;
				ENABLE_STRICT_OBJC_MSGSEND = YES;
				ENABLE_TESTABILITY = YES;
				GCC_C_LANGUAGE_STANDARD = gnu11;
				GCC_DYNAMIC_NO_PIC = NO;
				GCC_NO_COMMON_BLOCKS = YES;
				GCC_OPTIMIZATION_LEVEL = 0;
				GCC_PREPROCESSOR_DEFINITIONS = (
					"DEBUG=1",
					"$(inherited)",
				);
				GCC_WARN_64_TO_32_BIT_CONVERSION = YES;
				GCC_WARN_ABOUT_RETURN_TYPE = YES_ERROR;
				GCC_WARN_UNDECLARED_SELECTOR = YES;
				GCC_WARN_UNINITIALIZED_AUTOS = YES_AGGRESSIVE;
				GCC_WARN_UNUSED_FUNCTION = YES;
				GCC_WARN_UNUSED_VARIABLE = YES;
				IPHONEOS_DEPLOYMENT_TARGET = 13.2;
				MTL_ENABLE_DEBUG_INFO = INCLUDE_SOURCE;
				MTL_FAST_MATH = YES;
				ONLY_ACTIVE_ARCH = YES;
				SDKROOT = iphoneos;
				SWIFT_ACTIVE_COMPILATION_CONDITIONS = DEBUG;
				SWIFT_OPTIMIZATION_LEVEL = "-Onone";
			};
			name = Debug;
		};
		CB77442C24157D5F003EC7D9 /* Release */ = {
			isa = XCBuildConfiguration;
			buildSettings = {
				ALWAYS_SEARCH_USER_PATHS = NO;
				CLANG_ANALYZER_NONNULL = YES;
				CLANG_ANALYZER_NUMBER_OBJECT_CONVERSION = YES_AGGRESSIVE;
				CLANG_CXX_LANGUAGE_STANDARD = "gnu++14";
				CLANG_CXX_LIBRARY = "libc++";
				CLANG_ENABLE_MODULES = YES;
				CLANG_ENABLE_OBJC_ARC = YES;
				CLANG_ENABLE_OBJC_WEAK = YES;
				CLANG_WARN_BLOCK_CAPTURE_AUTORELEASING = YES;
				CLANG_WARN_BOOL_CONVERSION = YES;
				CLANG_WARN_COMMA = YES;
				CLANG_WARN_CONSTANT_CONVERSION = YES;
				CLANG_WARN_DEPRECATED_OBJC_IMPLEMENTATIONS = YES;
				CLANG_WARN_DIRECT_OBJC_ISA_USAGE = YES_ERROR;
				CLANG_WARN_DOCUMENTATION_COMMENTS = YES;
				CLANG_WARN_EMPTY_BODY = YES;
				CLANG_WARN_ENUM_CONVERSION = YES;
				CLANG_WARN_INFINITE_RECURSION = YES;
				CLANG_WARN_INT_CONVERSION = YES;
				CLANG_WARN_NON_LITERAL_NULL_CONVERSION = YES;
				CLANG_WARN_OBJC_IMPLICIT_RETAIN_SELF = YES;
				CLANG_WARN_OBJC_LITERAL_CONVERSION = YES;
				CLANG_WARN_OBJC_ROOT_CLASS = YES_ERROR;
				CLANG_WARN_RANGE_LOOP_ANALYSIS = YES;
				CLANG_WARN_STRICT_PROTOTYPES = YES;
				CLANG_WARN_SUSPICIOUS_MOVE = YES;
				CLANG_WARN_UNGUARDED_AVAILABILITY = YES_AGGRESSIVE;
				CLANG_WARN_UNREACHABLE_CODE = YES;
				CLANG_WARN__DUPLICATE_METHOD_MATCH = YES;
				COPY_PHASE_STRIP = NO;
				DEBUG_INFORMATION_FORMAT = "dwarf-with-dsym";
				ENABLE_NS_ASSERTIONS = NO;
				ENABLE_STRICT_OBJC_MSGSEND = YES;
				GCC_C_LANGUAGE_STANDARD = gnu11;
				GCC_NO_COMMON_BLOCKS = YES;
				GCC_WARN_64_TO_32_BIT_CONVERSION = YES;
				GCC_WARN_ABOUT_RETURN_TYPE = YES_ERROR;
				GCC_WARN_UNDECLARED_SELECTOR = YES;
				GCC_WARN_UNINITIALIZED_AUTOS = YES_AGGRESSIVE;
				GCC_WARN_UNUSED_FUNCTION = YES;
				GCC_WARN_UNUSED_VARIABLE = YES;
				IPHONEOS_DEPLOYMENT_TARGET = 13.2;
				MTL_ENABLE_DEBUG_INFO = NO;
				MTL_FAST_MATH = YES;
				SDKROOT = iphoneos;
				SWIFT_COMPILATION_MODE = wholemodule;
				SWIFT_OPTIMIZATION_LEVEL = "-O";
				VALIDATE_PRODUCT = YES;
			};
			name = Release;
		};
		CB77442E24157D5F003EC7D9 /* Debug */ = {
			isa = XCBuildConfiguration;
			baseConfigurationReference = 3EA2F599832A38B26BB6D957 /* Pods-SoundSpaceMusic.debug.xcconfig */;
			buildSettings = {
				ASSETCATALOG_COMPILER_APPICON_NAME = AppIcon;
				CODE_SIGN_STYLE = Automatic;
				DEVELOPMENT_ASSET_PATHS = "\"SoundSpaceMusic/Preview Content\"";
				ENABLE_PREVIEWS = YES;
				INFOPLIST_FILE = SoundSpaceMusic/Info.plist;
				LD_RUNPATH_SEARCH_PATHS = (
					"$(inherited)",
					"@executable_path/Frameworks",
				);
				PRODUCT_BUNDLE_IDENTIFIER = Adam.SoundSpaceMusic;
				PRODUCT_NAME = "$(TARGET_NAME)";
				SWIFT_VERSION = 5.0;
				TARGETED_DEVICE_FAMILY = "1,2";
			};
			name = Debug;
		};
		CB77442F24157D5F003EC7D9 /* Release */ = {
			isa = XCBuildConfiguration;
			baseConfigurationReference = A1A622EC9D7F3AB225C10B70 /* Pods-SoundSpaceMusic.release.xcconfig */;
			buildSettings = {
				ASSETCATALOG_COMPILER_APPICON_NAME = AppIcon;
				CODE_SIGN_STYLE = Automatic;
				DEVELOPMENT_ASSET_PATHS = "\"SoundSpaceMusic/Preview Content\"";
				ENABLE_PREVIEWS = YES;
				INFOPLIST_FILE = SoundSpaceMusic/Info.plist;
				LD_RUNPATH_SEARCH_PATHS = (
					"$(inherited)",
					"@executable_path/Frameworks",
				);
				PRODUCT_BUNDLE_IDENTIFIER = Adam.SoundSpaceMusic;
				PRODUCT_NAME = "$(TARGET_NAME)";
				SWIFT_VERSION = 5.0;
				TARGETED_DEVICE_FAMILY = "1,2";
			};
			name = Release;
		};
		CB77443124157D5F003EC7D9 /* Debug */ = {
			isa = XCBuildConfiguration;
			baseConfigurationReference = 3C1F15C31849640AA3C7D4A0 /* Pods-SoundSpaceMusicTests.debug.xcconfig */;
			buildSettings = {
				ALWAYS_EMBED_SWIFT_STANDARD_LIBRARIES = YES;
				BUNDLE_LOADER = "$(TEST_HOST)";
				CODE_SIGN_STYLE = Automatic;
				INFOPLIST_FILE = SoundSpaceMusicTests/Info.plist;
				IPHONEOS_DEPLOYMENT_TARGET = 13.2;
				LD_RUNPATH_SEARCH_PATHS = (
					"$(inherited)",
					"@executable_path/Frameworks",
					"@loader_path/Frameworks",
				);
				PRODUCT_BUNDLE_IDENTIFIER = Adam.SoundSpaceMusicTests;
				PRODUCT_NAME = "$(TARGET_NAME)";
				SWIFT_VERSION = 5.0;
				TARGETED_DEVICE_FAMILY = "1,2";
				TEST_HOST = "$(BUILT_PRODUCTS_DIR)/SoundSpaceMusic.app/SoundSpaceMusic";
			};
			name = Debug;
		};
		CB77443224157D5F003EC7D9 /* Release */ = {
			isa = XCBuildConfiguration;
			baseConfigurationReference = F734D0FEB58F33C009D94A45 /* Pods-SoundSpaceMusicTests.release.xcconfig */;
			buildSettings = {
				ALWAYS_EMBED_SWIFT_STANDARD_LIBRARIES = YES;
				BUNDLE_LOADER = "$(TEST_HOST)";
				CODE_SIGN_STYLE = Automatic;
				INFOPLIST_FILE = SoundSpaceMusicTests/Info.plist;
				IPHONEOS_DEPLOYMENT_TARGET = 13.2;
				LD_RUNPATH_SEARCH_PATHS = (
					"$(inherited)",
					"@executable_path/Frameworks",
					"@loader_path/Frameworks",
				);
				PRODUCT_BUNDLE_IDENTIFIER = Adam.SoundSpaceMusicTests;
				PRODUCT_NAME = "$(TARGET_NAME)";
				SWIFT_VERSION = 5.0;
				TARGETED_DEVICE_FAMILY = "1,2";
				TEST_HOST = "$(BUILT_PRODUCTS_DIR)/SoundSpaceMusic.app/SoundSpaceMusic";
			};
			name = Release;
		};
		CB77443424157D5F003EC7D9 /* Debug */ = {
			isa = XCBuildConfiguration;
			baseConfigurationReference = 3A55AE5273DF682B9DA40FE8 /* Pods-SoundSpaceMusic-SoundSpaceMusicUITests.debug.xcconfig */;
			buildSettings = {
				ALWAYS_EMBED_SWIFT_STANDARD_LIBRARIES = YES;
				CODE_SIGN_STYLE = Automatic;
				INFOPLIST_FILE = SoundSpaceMusicUITests/Info.plist;
				LD_RUNPATH_SEARCH_PATHS = (
					"$(inherited)",
					"@executable_path/Frameworks",
					"@loader_path/Frameworks",
				);
				PRODUCT_BUNDLE_IDENTIFIER = Adam.SoundSpaceMusicUITests;
				PRODUCT_NAME = "$(TARGET_NAME)";
				SWIFT_VERSION = 5.0;
				TARGETED_DEVICE_FAMILY = "1,2";
				TEST_TARGET_NAME = SoundSpaceMusic;
			};
			name = Debug;
		};
		CB77443524157D5F003EC7D9 /* Release */ = {
			isa = XCBuildConfiguration;
			baseConfigurationReference = 2112F437D930C75083D43302 /* Pods-SoundSpaceMusic-SoundSpaceMusicUITests.release.xcconfig */;
			buildSettings = {
				ALWAYS_EMBED_SWIFT_STANDARD_LIBRARIES = YES;
				CODE_SIGN_STYLE = Automatic;
				INFOPLIST_FILE = SoundSpaceMusicUITests/Info.plist;
				LD_RUNPATH_SEARCH_PATHS = (
					"$(inherited)",
					"@executable_path/Frameworks",
					"@loader_path/Frameworks",
				);
				PRODUCT_BUNDLE_IDENTIFIER = Adam.SoundSpaceMusicUITests;
				PRODUCT_NAME = "$(TARGET_NAME)";
				SWIFT_VERSION = 5.0;
				TARGETED_DEVICE_FAMILY = "1,2";
				TEST_TARGET_NAME = SoundSpaceMusic;
			};
			name = Release;
		};
/* End XCBuildConfiguration section */

/* Begin XCConfigurationList section */
		CB7743FB24157D5F003EC7D9 /* Build configuration list for PBXProject "SoundSpaceMusic" */ = {
			isa = XCConfigurationList;
			buildConfigurations = (
				CB77442B24157D5F003EC7D9 /* Debug */,
				CB77442C24157D5F003EC7D9 /* Release */,
			);
			defaultConfigurationIsVisible = 0;
			defaultConfigurationName = Release;
		};
		CB77442D24157D5F003EC7D9 /* Build configuration list for PBXNativeTarget "SoundSpaceMusic" */ = {
			isa = XCConfigurationList;
			buildConfigurations = (
				CB77442E24157D5F003EC7D9 /* Debug */,
				CB77442F24157D5F003EC7D9 /* Release */,
			);
			defaultConfigurationIsVisible = 0;
			defaultConfigurationName = Release;
		};
		CB77443024157D5F003EC7D9 /* Build configuration list for PBXNativeTarget "SoundSpaceMusicTests" */ = {
			isa = XCConfigurationList;
			buildConfigurations = (
				CB77443124157D5F003EC7D9 /* Debug */,
				CB77443224157D5F003EC7D9 /* Release */,
			);
			defaultConfigurationIsVisible = 0;
			defaultConfigurationName = Release;
		};
		CB77443324157D5F003EC7D9 /* Build configuration list for PBXNativeTarget "SoundSpaceMusicUITests" */ = {
			isa = XCConfigurationList;
			buildConfigurations = (
				CB77443424157D5F003EC7D9 /* Debug */,
				CB77443524157D5F003EC7D9 /* Release */,
			);
			defaultConfigurationIsVisible = 0;
			defaultConfigurationName = Release;
		};
/* End XCConfigurationList section */

/* Begin XCVersionGroup section */
		CB77440724157D5F003EC7D9 /* SoundSpaceMusic.xcdatamodeld */ = {
			isa = XCVersionGroup;
			children = (
				CB77440824157D5F003EC7D9 /* SoundSpaceMusic.xcdatamodel */,
			);
			currentVersion = CB77440824157D5F003EC7D9 /* SoundSpaceMusic.xcdatamodel */;
			path = SoundSpaceMusic.xcdatamodeld;
			sourceTree = "<group>";
			versionGroupType = wrapper.xcdatamodel;
		};
/* End XCVersionGroup section */
	};
	rootObject = CB7743F824157D5F003EC7D9 /* Project object */;
}
